// !$*UTF8*$!
{
	archiveVersion = 1;
	classes = {
	};
	objectVersion = 46;
	objects = {

/* Begin PBXBuildFile section */
		6104D19916B28CD500B5E464 /* SenTestingKit.framework in Frameworks */ = {isa = PBXBuildFile; fileRef = 61E8E41C1695C5B600DC5C83 /* SenTestingKit.framework */; };
		6104D19A16B28CD500B5E464 /* UIKit.framework in Frameworks */ = {isa = PBXBuildFile; fileRef = 61E8E3FE1695C5B600DC5C83 /* UIKit.framework */; };
		6104D19B16B28CD500B5E464 /* Foundation.framework in Frameworks */ = {isa = PBXBuildFile; fileRef = 61E8E4001695C5B600DC5C83 /* Foundation.framework */; };
		6104D1A116B28CD500B5E464 /* InfoPlist.strings in Resources */ = {isa = PBXBuildFile; fileRef = 6104D19F16B28CD500B5E464 /* InfoPlist.strings */; };
		6104D1A416B28CD500B5E464 /* ALHtmlToAttributedStringParserTests.m in Sources */ = {isa = PBXBuildFile; fileRef = 6104D1A316B28CD500B5E464 /* ALHtmlToAttributedStringParserTests.m */; };
		6104D1AA16B28ED000B5E464 /* ALHtmlToAttributedStringParser.m in Sources */ = {isa = PBXBuildFile; fileRef = 61E8E4381695C77700DC5C83 /* ALHtmlToAttributedStringParser.m */; };
		6104D1AB16B28EDC00B5E464 /* TFHpple.m in Sources */ = {isa = PBXBuildFile; fileRef = 61E8E43C1695C81E00DC5C83 /* TFHpple.m */; };
		6104D1AC16B28EDC00B5E464 /* TFHppleElement.m in Sources */ = {isa = PBXBuildFile; fileRef = 61E8E43E1695C81E00DC5C83 /* TFHppleElement.m */; };
		6104D1AD16B28EDC00B5E464 /* XPathQuery.m in Sources */ = {isa = PBXBuildFile; fileRef = 61E8E4401695C81E00DC5C83 /* XPathQuery.m */; };
		6104D1AE16B28EE100B5E464 /* libxml2.2.dylib in Frameworks */ = {isa = PBXBuildFile; fileRef = 61E8E44B1695C9EB00DC5C83 /* libxml2.2.dylib */; };
		6104D1AF16B28F8000B5E464 /* NSDictionary+Merge.m in Sources */ = {isa = PBXBuildFile; fileRef = 61E8E4481695C98C00DC5C83 /* NSDictionary+Merge.m */; };
		6178FBBB16BD283A00C1BAAC /* test-data-5.html in Resources */ = {isa = PBXBuildFile; fileRef = 6178FBBA16BD283A00C1BAAC /* test-data-5.html */; };
		6178FBBE16BD2BDA00C1BAAC /* test-data-6.html in Resources */ = {isa = PBXBuildFile; fileRef = 6178FBBD16BD2BDA00C1BAAC /* test-data-6.html */; };
		6195EB251699810400995DFF /* test-data-3.html in Resources */ = {isa = PBXBuildFile; fileRef = 6195EB241699810400995DFF /* test-data-3.html */; };
		6195EB2B1699849C00995DFF /* ALDemoTextViewController.m in Sources */ = {isa = PBXBuildFile; fileRef = 6195EB2A1699849C00995DFF /* ALDemoTextViewController.m */; };
		6195EB2D16998AC200995DFF /* test-data-4.html in Resources */ = {isa = PBXBuildFile; fileRef = 6195EB2C16998AC200995DFF /* test-data-4.html */; };
		6195EB411699A8E900995DFF /* ALDemoLabelViewController.m in Sources */ = {isa = PBXBuildFile; fileRef = 6195EB401699A8E800995DFF /* ALDemoLabelViewController.m */; };
		61C84BA816D0573E00D22C05 /* NSDictionary_MergeTests.m in Sources */ = {isa = PBXBuildFile; fileRef = 61C84BA716D0573D00D22C05 /* NSDictionary_MergeTests.m */; };
		61E8E3FF1695C5B600DC5C83 /* UIKit.framework in Frameworks */ = {isa = PBXBuildFile; fileRef = 61E8E3FE1695C5B600DC5C83 /* UIKit.framework */; };
		61E8E4011695C5B600DC5C83 /* Foundation.framework in Frameworks */ = {isa = PBXBuildFile; fileRef = 61E8E4001695C5B600DC5C83 /* Foundation.framework */; };
		61E8E4031695C5B600DC5C83 /* CoreGraphics.framework in Frameworks */ = {isa = PBXBuildFile; fileRef = 61E8E4021695C5B600DC5C83 /* CoreGraphics.framework */; };
		61E8E40B1695C5B600DC5C83 /* main.m in Sources */ = {isa = PBXBuildFile; fileRef = 61E8E40A1695C5B600DC5C83 /* main.m */; };
		61E8E40F1695C5B600DC5C83 /* ALAppDelegate.m in Sources */ = {isa = PBXBuildFile; fileRef = 61E8E40E1695C5B600DC5C83 /* ALAppDelegate.m */; };
		61E8E4111695C5B600DC5C83 /* Default.png in Resources */ = {isa = PBXBuildFile; fileRef = 61E8E4101695C5B600DC5C83 /* Default.png */; };
		61E8E4131695C5B600DC5C83 /* Default@2x.png in Resources */ = {isa = PBXBuildFile; fileRef = 61E8E4121695C5B600DC5C83 /* Default@2x.png */; };
		61E8E4151695C5B600DC5C83 /* Default-568h@2x.png in Resources */ = {isa = PBXBuildFile; fileRef = 61E8E4141695C5B600DC5C83 /* Default-568h@2x.png */; };
		61E8E4391695C77700DC5C83 /* ALHtmlToAttributedStringParser.m in Sources */ = {isa = PBXBuildFile; fileRef = 61E8E4381695C77700DC5C83 /* ALHtmlToAttributedStringParser.m */; };
		61E8E4411695C81E00DC5C83 /* TFHpple.m in Sources */ = {isa = PBXBuildFile; fileRef = 61E8E43C1695C81E00DC5C83 /* TFHpple.m */; };
		61E8E4431695C81E00DC5C83 /* TFHppleElement.m in Sources */ = {isa = PBXBuildFile; fileRef = 61E8E43E1695C81E00DC5C83 /* TFHppleElement.m */; };
		61E8E4451695C81E00DC5C83 /* XPathQuery.m in Sources */ = {isa = PBXBuildFile; fileRef = 61E8E4401695C81E00DC5C83 /* XPathQuery.m */; };
		61E8E4491695C98C00DC5C83 /* NSDictionary+Merge.m in Sources */ = {isa = PBXBuildFile; fileRef = 61E8E4481695C98C00DC5C83 /* NSDictionary+Merge.m */; };
		61E8E44C1695C9EB00DC5C83 /* libxml2.2.dylib in Frameworks */ = {isa = PBXBuildFile; fileRef = 61E8E44B1695C9EB00DC5C83 /* libxml2.2.dylib */; };
		61E8E44F1695CA1B00DC5C83 /* test-data-0.html in Resources */ = {isa = PBXBuildFile; fileRef = 61E8E44D1695CA1B00DC5C83 /* test-data-0.html */; };
		61E8E4611695D16D00DC5C83 /* ALLinkTextView.m in Sources */ = {isa = PBXBuildFile; fileRef = 61E8E4601695D16D00DC5C83 /* ALLinkTextView.m */; };
		61E8E47B1696ED1000DC5C83 /* test-data-1.html in Resources */ = {isa = PBXBuildFile; fileRef = 61E8E47A1696ED1000DC5C83 /* test-data-1.html */; };
		61E8E4C31697459800DC5C83 /* test-data-2.html in Resources */ = {isa = PBXBuildFile; fileRef = 61E8E4C21697459800DC5C83 /* test-data-2.html */; };
		61E8E4C61697CF2900DC5C83 /* README.markdown in Resources */ = {isa = PBXBuildFile; fileRef = 61E8E4C51697CF2900DC5C83 /* README.markdown */; };
/* End PBXBuildFile section */

/* Begin PBXContainerItemProxy section */
		6104D1B016B290BA00B5E464 /* PBXContainerItemProxy */ = {
			isa = PBXContainerItemProxy;
			containerPortal = 61E8E3F11695C5B600DC5C83 /* Project object */;
			proxyType = 1;
			remoteGlobalIDString = 61E8E3F91695C5B600DC5C83;
			remoteInfo = htmlpple;
		};
/* End PBXContainerItemProxy section */

/* Begin PBXFileReference section */
		6104D19816B28CD500B5E464 /* UnitTests.octest */ = {isa = PBXFileReference; explicitFileType = wrapper.cfbundle; includeInIndex = 0; path = UnitTests.octest; sourceTree = BUILT_PRODUCTS_DIR; };
		6104D19E16B28CD500B5E464 /* UnitTests-Info.plist */ = {isa = PBXFileReference; lastKnownFileType = text.plist.xml; path = "UnitTests-Info.plist"; sourceTree = "<group>"; };
		6104D1A016B28CD500B5E464 /* en */ = {isa = PBXFileReference; lastKnownFileType = text.plist.strings; name = en; path = en.lproj/InfoPlist.strings; sourceTree = "<group>"; };
		6104D1A316B28CD500B5E464 /* ALHtmlToAttributedStringParserTests.m */ = {isa = PBXFileReference; lastKnownFileType = sourcecode.c.objc; path = ALHtmlToAttributedStringParserTests.m; sourceTree = "<group>"; };
		6104D1A516B28CD500B5E464 /* UnitTests-Prefix.pch */ = {isa = PBXFileReference; lastKnownFileType = sourcecode.c.h; path = "UnitTests-Prefix.pch"; sourceTree = "<group>"; };
		6178FBBA16BD283A00C1BAAC /* test-data-5.html */ = {isa = PBXFileReference; fileEncoding = 4; lastKnownFileType = text.html; path = "test-data-5.html"; sourceTree = "<group>"; };
		6178FBBD16BD2BDA00C1BAAC /* test-data-6.html */ = {isa = PBXFileReference; fileEncoding = 4; lastKnownFileType = text.html; path = "test-data-6.html"; sourceTree = "<group>"; };
		6195EB241699810400995DFF /* test-data-3.html */ = {isa = PBXFileReference; fileEncoding = 4; lastKnownFileType = text.html; path = "test-data-3.html"; sourceTree = "<group>"; };
		6195EB291699849C00995DFF /* ALDemoTextViewController.h */ = {isa = PBXFileReference; fileEncoding = 4; lastKnownFileType = sourcecode.c.h; name = ALDemoTextViewController.h; path = Classes/ALDemoTextViewController.h; sourceTree = "<group>"; };
		6195EB2A1699849C00995DFF /* ALDemoTextViewController.m */ = {isa = PBXFileReference; fileEncoding = 4; lastKnownFileType = sourcecode.c.objc; name = ALDemoTextViewController.m; path = Classes/ALDemoTextViewController.m; sourceTree = "<group>"; };
		6195EB2C16998AC200995DFF /* test-data-4.html */ = {isa = PBXFileReference; fileEncoding = 4; lastKnownFileType = text.html; path = "test-data-4.html"; sourceTree = "<group>"; };
		6195EB3F1699A8E800995DFF /* ALDemoLabelViewController.h */ = {isa = PBXFileReference; fileEncoding = 4; lastKnownFileType = sourcecode.c.h; name = ALDemoLabelViewController.h; path = Classes/ALDemoLabelViewController.h; sourceTree = "<group>"; };
		6195EB401699A8E800995DFF /* ALDemoLabelViewController.m */ = {isa = PBXFileReference; fileEncoding = 4; lastKnownFileType = sourcecode.c.objc; name = ALDemoLabelViewController.m; path = Classes/ALDemoLabelViewController.m; sourceTree = "<group>"; };
		61C84BA716D0573D00D22C05 /* NSDictionary_MergeTests.m */ = {isa = PBXFileReference; fileEncoding = 4; lastKnownFileType = sourcecode.c.objc; path = NSDictionary_MergeTests.m; sourceTree = "<group>"; };
		61E8E3FA1695C5B600DC5C83 /* htmlpple.app */ = {isa = PBXFileReference; explicitFileType = wrapper.application; includeInIndex = 0; path = htmlpple.app; sourceTree = BUILT_PRODUCTS_DIR; };
		61E8E3FE1695C5B600DC5C83 /* UIKit.framework */ = {isa = PBXFileReference; lastKnownFileType = wrapper.framework; name = UIKit.framework; path = System/Library/Frameworks/UIKit.framework; sourceTree = SDKROOT; };
		61E8E4001695C5B600DC5C83 /* Foundation.framework */ = {isa = PBXFileReference; lastKnownFileType = wrapper.framework; name = Foundation.framework; path = System/Library/Frameworks/Foundation.framework; sourceTree = SDKROOT; };
		61E8E4021695C5B600DC5C83 /* CoreGraphics.framework */ = {isa = PBXFileReference; lastKnownFileType = wrapper.framework; name = CoreGraphics.framework; path = System/Library/Frameworks/CoreGraphics.framework; sourceTree = SDKROOT; };
		61E8E4061695C5B600DC5C83 /* htmlpple-Info.plist */ = {isa = PBXFileReference; lastKnownFileType = text.plist.xml; path = "htmlpple-Info.plist"; sourceTree = "<group>"; };
		61E8E40A1695C5B600DC5C83 /* main.m */ = {isa = PBXFileReference; lastKnownFileType = sourcecode.c.objc; path = main.m; sourceTree = "<group>"; };
		61E8E40C1695C5B600DC5C83 /* htmlpple-Prefix.pch */ = {isa = PBXFileReference; lastKnownFileType = sourcecode.c.h; path = "htmlpple-Prefix.pch"; sourceTree = "<group>"; };
		61E8E40D1695C5B600DC5C83 /* ALAppDelegate.h */ = {isa = PBXFileReference; lastKnownFileType = sourcecode.c.h; path = ALAppDelegate.h; sourceTree = "<group>"; };
		61E8E40E1695C5B600DC5C83 /* ALAppDelegate.m */ = {isa = PBXFileReference; lastKnownFileType = sourcecode.c.objc; path = ALAppDelegate.m; sourceTree = "<group>"; };
		61E8E4101695C5B600DC5C83 /* Default.png */ = {isa = PBXFileReference; lastKnownFileType = image.png; path = Default.png; sourceTree = "<group>"; };
		61E8E4121695C5B600DC5C83 /* Default@2x.png */ = {isa = PBXFileReference; lastKnownFileType = image.png; path = "Default@2x.png"; sourceTree = "<group>"; };
		61E8E4141695C5B600DC5C83 /* Default-568h@2x.png */ = {isa = PBXFileReference; lastKnownFileType = image.png; path = "Default-568h@2x.png"; sourceTree = "<group>"; };
		61E8E41C1695C5B600DC5C83 /* SenTestingKit.framework */ = {isa = PBXFileReference; lastKnownFileType = wrapper.framework; name = SenTestingKit.framework; path = Library/Frameworks/SenTestingKit.framework; sourceTree = DEVELOPER_DIR; };
		61E8E4371695C77700DC5C83 /* ALHtmlToAttributedStringParser.h */ = {isa = PBXFileReference; fileEncoding = 4; lastKnownFileType = sourcecode.c.h; name = ALHtmlToAttributedStringParser.h; path = Classes/ALHtmlToAttributedStringParser.h; sourceTree = "<group>"; };
		61E8E4381695C77700DC5C83 /* ALHtmlToAttributedStringParser.m */ = {isa = PBXFileReference; fileEncoding = 4; lastKnownFileType = sourcecode.c.objc; name = ALHtmlToAttributedStringParser.m; path = Classes/ALHtmlToAttributedStringParser.m; sourceTree = "<group>"; };
		61E8E43B1695C81E00DC5C83 /* TFHpple.h */ = {isa = PBXFileReference; fileEncoding = 4; lastKnownFileType = sourcecode.c.h; name = TFHpple.h; path = ThirdParty/TFHpple/TFHpple.h; sourceTree = SOURCE_ROOT; };
		61E8E43C1695C81E00DC5C83 /* TFHpple.m */ = {isa = PBXFileReference; fileEncoding = 4; lastKnownFileType = sourcecode.c.objc; name = TFHpple.m; path = ThirdParty/TFHpple/TFHpple.m; sourceTree = SOURCE_ROOT; };
		61E8E43D1695C81E00DC5C83 /* TFHppleElement.h */ = {isa = PBXFileReference; fileEncoding = 4; lastKnownFileType = sourcecode.c.h; name = TFHppleElement.h; path = ThirdParty/TFHpple/TFHppleElement.h; sourceTree = SOURCE_ROOT; };
		61E8E43E1695C81E00DC5C83 /* TFHppleElement.m */ = {isa = PBXFileReference; fileEncoding = 4; lastKnownFileType = sourcecode.c.objc; name = TFHppleElement.m; path = ThirdParty/TFHpple/TFHppleElement.m; sourceTree = SOURCE_ROOT; };
		61E8E43F1695C81E00DC5C83 /* XPathQuery.h */ = {isa = PBXFileReference; fileEncoding = 4; lastKnownFileType = sourcecode.c.h; name = XPathQuery.h; path = ThirdParty/TFHpple/XPathQuery.h; sourceTree = SOURCE_ROOT; };
		61E8E4401695C81E00DC5C83 /* XPathQuery.m */ = {isa = PBXFileReference; fileEncoding = 4; lastKnownFileType = sourcecode.c.objc; name = XPathQuery.m; path = ThirdParty/TFHpple/XPathQuery.m; sourceTree = SOURCE_ROOT; };
		61E8E4471695C98C00DC5C83 /* NSDictionary+Merge.h */ = {isa = PBXFileReference; fileEncoding = 4; lastKnownFileType = sourcecode.c.h; name = "NSDictionary+Merge.h"; path = "Classes/NSDictionary+Merge.h"; sourceTree = "<group>"; };
		61E8E4481695C98C00DC5C83 /* NSDictionary+Merge.m */ = {isa = PBXFileReference; fileEncoding = 4; lastKnownFileType = sourcecode.c.objc; name = "NSDictionary+Merge.m"; path = "Classes/NSDictionary+Merge.m"; sourceTree = "<group>"; };
		61E8E44B1695C9EB00DC5C83 /* libxml2.2.dylib */ = {isa = PBXFileReference; lastKnownFileType = "compiled.mach-o.dylib"; name = libxml2.2.dylib; path = usr/lib/libxml2.2.dylib; sourceTree = SDKROOT; };
		61E8E44D1695CA1B00DC5C83 /* test-data-0.html */ = {isa = PBXFileReference; fileEncoding = 4; lastKnownFileType = text.html; path = "test-data-0.html"; sourceTree = "<group>"; };
		61E8E45F1695D16D00DC5C83 /* ALLinkTextView.h */ = {isa = PBXFileReference; fileEncoding = 4; lastKnownFileType = sourcecode.c.h; name = ALLinkTextView.h; path = Classes/ALLinkTextView.h; sourceTree = "<group>"; };
		61E8E4601695D16D00DC5C83 /* ALLinkTextView.m */ = {isa = PBXFileReference; fileEncoding = 4; lastKnownFileType = sourcecode.c.objc; name = ALLinkTextView.m; path = Classes/ALLinkTextView.m; sourceTree = "<group>"; };
		61E8E47A1696ED1000DC5C83 /* test-data-1.html */ = {isa = PBXFileReference; fileEncoding = 4; lastKnownFileType = text.html; path = "test-data-1.html"; sourceTree = "<group>"; };
		61E8E4C21697459800DC5C83 /* test-data-2.html */ = {isa = PBXFileReference; fileEncoding = 4; lastKnownFileType = text.html; path = "test-data-2.html"; sourceTree = "<group>"; };
		61E8E4C51697CF2900DC5C83 /* README.markdown */ = {isa = PBXFileReference; fileEncoding = 4; lastKnownFileType = text; path = README.markdown; sourceTree = SOURCE_ROOT; };
/* End PBXFileReference section */

/* Begin PBXFrameworksBuildPhase section */
		6104D19416B28CD500B5E464 /* Frameworks */ = {
			isa = PBXFrameworksBuildPhase;
			buildActionMask = 2147483647;
			files = (
				6104D19916B28CD500B5E464 /* SenTestingKit.framework in Frameworks */,
				6104D19A16B28CD500B5E464 /* UIKit.framework in Frameworks */,
				6104D19B16B28CD500B5E464 /* Foundation.framework in Frameworks */,
				6104D1AE16B28EE100B5E464 /* libxml2.2.dylib in Frameworks */,
			);
			runOnlyForDeploymentPostprocessing = 0;
		};
		61E8E3F71695C5B600DC5C83 /* Frameworks */ = {
			isa = PBXFrameworksBuildPhase;
			buildActionMask = 2147483647;
			files = (
				61E8E44C1695C9EB00DC5C83 /* libxml2.2.dylib in Frameworks */,
				61E8E3FF1695C5B600DC5C83 /* UIKit.framework in Frameworks */,
				61E8E4011695C5B600DC5C83 /* Foundation.framework in Frameworks */,
				61E8E4031695C5B600DC5C83 /* CoreGraphics.framework in Frameworks */,
			);
			runOnlyForDeploymentPostprocessing = 0;
		};
/* End PBXFrameworksBuildPhase section */

/* Begin PBXGroup section */
		6104D19C16B28CD500B5E464 /* UnitTests */ = {
			isa = PBXGroup;
			children = (
				61C84BA716D0573D00D22C05 /* NSDictionary_MergeTests.m */,
				6104D1A316B28CD500B5E464 /* ALHtmlToAttributedStringParserTests.m */,
				6104D19D16B28CD500B5E464 /* Supporting Files */,
			);
			path = UnitTests;
			sourceTree = "<group>";
		};
		6104D19D16B28CD500B5E464 /* Supporting Files */ = {
			isa = PBXGroup;
			children = (
				6104D19E16B28CD500B5E464 /* UnitTests-Info.plist */,
				6104D19F16B28CD500B5E464 /* InfoPlist.strings */,
				6104D1A516B28CD500B5E464 /* UnitTests-Prefix.pch */,
			);
			name = "Supporting Files";
			sourceTree = "<group>";
		};
		61E8E3EF1695C5B600DC5C83 = {
			isa = PBXGroup;
			children = (
				61E8E4041695C5B600DC5C83 /* htmlpple */,
				6104D19C16B28CD500B5E464 /* UnitTests */,
				61E8E3FD1695C5B600DC5C83 /* Frameworks */,
				61E8E3FB1695C5B600DC5C83 /* Products */,
			);
			sourceTree = "<group>";
		};
		61E8E3FB1695C5B600DC5C83 /* Products */ = {
			isa = PBXGroup;
			children = (
				61E8E3FA1695C5B600DC5C83 /* htmlpple.app */,
				6104D19816B28CD500B5E464 /* UnitTests.octest */,
			);
			name = Products;
			sourceTree = "<group>";
		};
		61E8E3FD1695C5B600DC5C83 /* Frameworks */ = {
			isa = PBXGroup;
			children = (
				61E8E44B1695C9EB00DC5C83 /* libxml2.2.dylib */,
				61E8E3FE1695C5B600DC5C83 /* UIKit.framework */,
				61E8E4001695C5B600DC5C83 /* Foundation.framework */,
				61E8E4021695C5B600DC5C83 /* CoreGraphics.framework */,
				61E8E41C1695C5B600DC5C83 /* SenTestingKit.framework */,
			);
			name = Frameworks;
			sourceTree = "<group>";
		};
		61E8E4041695C5B600DC5C83 /* htmlpple */ = {
			isa = PBXGroup;
			children = (
				61E8E43A1695C78B00DC5C83 /* TFHpple */,
				61E8E4361695C73400DC5C83 /* Parser */,
				61E8E45F1695D16D00DC5C83 /* ALLinkTextView.h */,
				61E8E4601695D16D00DC5C83 /* ALLinkTextView.m */,
				61E8E40D1695C5B600DC5C83 /* ALAppDelegate.h */,
				61E8E40E1695C5B600DC5C83 /* ALAppDelegate.m */,
				6195EB291699849C00995DFF /* ALDemoTextViewController.h */,
				6195EB2A1699849C00995DFF /* ALDemoTextViewController.m */,
				6195EB3F1699A8E800995DFF /* ALDemoLabelViewController.h */,
				6195EB401699A8E800995DFF /* ALDemoLabelViewController.m */,
				61E8E4051695C5B600DC5C83 /* Supporting Files */,
			);
			path = htmlpple;
			sourceTree = "<group>";
		};
		61E8E4051695C5B600DC5C83 /* Supporting Files */ = {
			isa = PBXGroup;
			children = (
				61E8E4C51697CF2900DC5C83 /* README.markdown */,
				61E8E44D1695CA1B00DC5C83 /* test-data-0.html */,
				61E8E47A1696ED1000DC5C83 /* test-data-1.html */,
				61E8E4C21697459800DC5C83 /* test-data-2.html */,
				6195EB241699810400995DFF /* test-data-3.html */,
				6195EB2C16998AC200995DFF /* test-data-4.html */,
				6178FBBA16BD283A00C1BAAC /* test-data-5.html */,
				6178FBBD16BD2BDA00C1BAAC /* test-data-6.html */,
				61E8E4061695C5B600DC5C83 /* htmlpple-Info.plist */,
				61E8E40A1695C5B600DC5C83 /* main.m */,
				61E8E40C1695C5B600DC5C83 /* htmlpple-Prefix.pch */,
				61E8E4101695C5B600DC5C83 /* Default.png */,
				61E8E4121695C5B600DC5C83 /* Default@2x.png */,
				61E8E4141695C5B600DC5C83 /* Default-568h@2x.png */,
			);
			name = "Supporting Files";
			sourceTree = "<group>";
		};
		61E8E4361695C73400DC5C83 /* Parser */ = {
			isa = PBXGroup;
			children = (
				61E8E4471695C98C00DC5C83 /* NSDictionary+Merge.h */,
				61E8E4481695C98C00DC5C83 /* NSDictionary+Merge.m */,
				61E8E4371695C77700DC5C83 /* ALHtmlToAttributedStringParser.h */,
				61E8E4381695C77700DC5C83 /* ALHtmlToAttributedStringParser.m */,
			);
			name = Parser;
			sourceTree = "<group>";
		};
		61E8E43A1695C78B00DC5C83 /* TFHpple */ = {
			isa = PBXGroup;
			children = (
				61E8E43B1695C81E00DC5C83 /* TFHpple.h */,
				61E8E43C1695C81E00DC5C83 /* TFHpple.m */,
				61E8E43D1695C81E00DC5C83 /* TFHppleElement.h */,
				61E8E43E1695C81E00DC5C83 /* TFHppleElement.m */,
				61E8E43F1695C81E00DC5C83 /* XPathQuery.h */,
				61E8E4401695C81E00DC5C83 /* XPathQuery.m */,
			);
			name = TFHpple;
			sourceTree = "<group>";
		};
/* End PBXGroup section */

/* Begin PBXNativeTarget section */
		6104D19716B28CD500B5E464 /* UnitTests */ = {
			isa = PBXNativeTarget;
			buildConfigurationList = 6104D1A816B28CD500B5E464 /* Build configuration list for PBXNativeTarget "UnitTests" */;
			buildPhases = (
				6104D19316B28CD500B5E464 /* Sources */,
				6104D19416B28CD500B5E464 /* Frameworks */,
				6104D19516B28CD500B5E464 /* Resources */,
				6104D19616B28CD500B5E464 /* ShellScript */,
			);
			buildRules = (
			);
			dependencies = (
				6104D1B116B290BA00B5E464 /* PBXTargetDependency */,
			);
			name = UnitTests;
			productName = UnitTests;
			productReference = 6104D19816B28CD500B5E464 /* UnitTests.octest */;
			productType = "com.apple.product-type.bundle";
		};
		61E8E3F91695C5B600DC5C83 /* htmlpple */ = {
			isa = PBXNativeTarget;
			buildConfigurationList = 61E8E42D1695C5B600DC5C83 /* Build configuration list for PBXNativeTarget "htmlpple" */;
			buildPhases = (
				61E8E3F61695C5B600DC5C83 /* Sources */,
				61E8E3F71695C5B600DC5C83 /* Frameworks */,
				61E8E3F81695C5B600DC5C83 /* Resources */,
			);
			buildRules = (
			);
			dependencies = (
			);
			name = htmlpple;
			productName = htmlpple;
			productReference = 61E8E3FA1695C5B600DC5C83 /* htmlpple.app */;
			productType = "com.apple.product-type.application";
		};
/* End PBXNativeTarget section */

/* Begin PBXProject section */
		61E8E3F11695C5B600DC5C83 /* Project object */ = {
			isa = PBXProject;
			attributes = {
				CLASSPREFIX = AL;
				LastUpgradeCheck = 0450;
				ORGANIZATIONNAME = au.com.amleszk;
			};
			buildConfigurationList = 61E8E3F41695C5B600DC5C83 /* Build configuration list for PBXProject "htmlpple" */;
			compatibilityVersion = "Xcode 3.2";
			developmentRegion = English;
			hasScannedForEncodings = 0;
			knownRegions = (
				en,
			);
			mainGroup = 61E8E3EF1695C5B600DC5C83;
			productRefGroup = 61E8E3FB1695C5B600DC5C83 /* Products */;
			projectDirPath = "";
			projectRoot = "";
			targets = (
				61E8E3F91695C5B600DC5C83 /* htmlpple */,
				6104D19716B28CD500B5E464 /* UnitTests */,
			);
		};
/* End PBXProject section */

/* Begin PBXResourcesBuildPhase section */
		6104D19516B28CD500B5E464 /* Resources */ = {
			isa = PBXResourcesBuildPhase;
			buildActionMask = 2147483647;
			files = (
				6104D1A116B28CD500B5E464 /* InfoPlist.strings in Resources */,
			);
			runOnlyForDeploymentPostprocessing = 0;
		};
		61E8E3F81695C5B600DC5C83 /* Resources */ = {
			isa = PBXResourcesBuildPhase;
			buildActionMask = 2147483647;
			files = (
				61E8E4111695C5B600DC5C83 /* Default.png in Resources */,
				61E8E4131695C5B600DC5C83 /* Default@2x.png in Resources */,
				61E8E4151695C5B600DC5C83 /* Default-568h@2x.png in Resources */,
				61E8E44F1695CA1B00DC5C83 /* test-data-0.html in Resources */,
				61E8E47B1696ED1000DC5C83 /* test-data-1.html in Resources */,
				61E8E4C31697459800DC5C83 /* test-data-2.html in Resources */,
				61E8E4C61697CF2900DC5C83 /* README.markdown in Resources */,
				6195EB251699810400995DFF /* test-data-3.html in Resources */,
				6195EB2D16998AC200995DFF /* test-data-4.html in Resources */,
				6178FBBB16BD283A00C1BAAC /* test-data-5.html in Resources */,
				6178FBBE16BD2BDA00C1BAAC /* test-data-6.html in Resources */,
			);
			runOnlyForDeploymentPostprocessing = 0;
		};
/* End PBXResourcesBuildPhase section */

/* Begin PBXShellScriptBuildPhase section */
		6104D19616B28CD500B5E464 /* ShellScript */ = {
			isa = PBXShellScriptBuildPhase;
			buildActionMask = 2147483647;
			files = (
			);
			inputPaths = (
			);
			outputPaths = (
			);
			runOnlyForDeploymentPostprocessing = 0;
			shellPath = /bin/sh;
			shellScript = "# Run the unit tests in this test bundle.\n\"${SYSTEM_DEVELOPER_DIR}/Tools/RunUnitTests\"\n";
		};
/* End PBXShellScriptBuildPhase section */

/* Begin PBXSourcesBuildPhase section */
		6104D19316B28CD500B5E464 /* Sources */ = {
			isa = PBXSourcesBuildPhase;
			buildActionMask = 2147483647;
			files = (
				6104D1A416B28CD500B5E464 /* ALHtmlToAttributedStringParserTests.m in Sources */,
				6104D1AA16B28ED000B5E464 /* ALHtmlToAttributedStringParser.m in Sources */,
				6104D1AB16B28EDC00B5E464 /* TFHpple.m in Sources */,
				6104D1AC16B28EDC00B5E464 /* TFHppleElement.m in Sources */,
				6104D1AD16B28EDC00B5E464 /* XPathQuery.m in Sources */,
				6104D1AF16B28F8000B5E464 /* NSDictionary+Merge.m in Sources */,
				61C84BA816D0573E00D22C05 /* NSDictionary_MergeTests.m in Sources */,
			);
			runOnlyForDeploymentPostprocessing = 0;
		};
		61E8E3F61695C5B600DC5C83 /* Sources */ = {
			isa = PBXSourcesBuildPhase;
			buildActionMask = 2147483647;
			files = (
				61E8E40B1695C5B600DC5C83 /* main.m in Sources */,
				61E8E40F1695C5B600DC5C83 /* ALAppDelegate.m in Sources */,
				61E8E4391695C77700DC5C83 /* ALHtmlToAttributedStringParser.m in Sources */,
				61E8E4411695C81E00DC5C83 /* TFHpple.m in Sources */,
				61E8E4431695C81E00DC5C83 /* TFHppleElement.m in Sources */,
				61E8E4451695C81E00DC5C83 /* XPathQuery.m in Sources */,
				61E8E4491695C98C00DC5C83 /* NSDictionary+Merge.m in Sources */,
				61E8E4611695D16D00DC5C83 /* ALLinkTextView.m in Sources */,
				6195EB2B1699849C00995DFF /* ALDemoTextViewController.m in Sources */,
				6195EB411699A8E900995DFF /* ALDemoLabelViewController.m in Sources */,
			);
			runOnlyForDeploymentPostprocessing = 0;
		};
/* End PBXSourcesBuildPhase section */

/* Begin PBXTargetDependency section */
		6104D1B116B290BA00B5E464 /* PBXTargetDependency */ = {
			isa = PBXTargetDependency;
			target = 61E8E3F91695C5B600DC5C83 /* htmlpple */;
			targetProxy = 6104D1B016B290BA00B5E464 /* PBXContainerItemProxy */;
		};
/* End PBXTargetDependency section */

/* Begin PBXVariantGroup section */
		6104D19F16B28CD500B5E464 /* InfoPlist.strings */ = {
			isa = PBXVariantGroup;
			children = (
				6104D1A016B28CD500B5E464 /* en */,
			);
			name = InfoPlist.strings;
			sourceTree = "<group>";
		};
/* End PBXVariantGroup section */

/* Begin XCBuildConfiguration section */
		6104D1A616B28CD500B5E464 /* Debug */ = {
			isa = XCBuildConfiguration;
			buildSettings = {
				BUNDLE_LOADER = "$(BUILT_PRODUCTS_DIR)/htmlpple.app/htmlpple";
				FRAMEWORK_SEARCH_PATHS = (
					"\"$(SDKROOT)/Developer/Library/Frameworks\"",
					"\"$(DEVELOPER_LIBRARY_DIR)/Frameworks\"",
				);
				GCC_PRECOMPILE_PREFIX_HEADER = YES;
				GCC_PREFIX_HEADER = "UnitTests/UnitTests-Prefix.pch";
				HEADER_SEARCH_PATHS = /usr/include/libxml2;
				INFOPLIST_FILE = "UnitTests/UnitTests-Info.plist";
				PRODUCT_NAME = "$(TARGET_NAME)";
				TEST_HOST = "$(BUNDLE_LOADER)";
				WRAPPER_EXTENSION = octest;
			};
			name = Debug;
		};
		6104D1A716B28CD500B5E464 /* Release */ = {
			isa = XCBuildConfiguration;
			buildSettings = {
				BUNDLE_LOADER = "$(BUILT_PRODUCTS_DIR)/htmlpple.app/htmlpple";
				FRAMEWORK_SEARCH_PATHS = (
					"\"$(SDKROOT)/Developer/Library/Frameworks\"",
					"\"$(DEVELOPER_LIBRARY_DIR)/Frameworks\"",
				);
				GCC_PRECOMPILE_PREFIX_HEADER = YES;
				GCC_PREFIX_HEADER = "UnitTests/UnitTests-Prefix.pch";
				HEADER_SEARCH_PATHS = "$(SDKROOT)/usr/include/libxml2";
				INFOPLIST_FILE = "UnitTests/UnitTests-Info.plist";
				PRODUCT_NAME = "$(TARGET_NAME)";
				TEST_HOST = "$(BUNDLE_LOADER)";
				WRAPPER_EXTENSION = octest;
			};
			name = Release;
		};
		61E8E42B1695C5B600DC5C83 /* Debug */ = {
			isa = XCBuildConfiguration;
			buildSettings = {
				ALWAYS_SEARCH_USER_PATHS = NO;
				CLANG_CXX_LANGUAGE_STANDARD = "gnu++0x";
				CLANG_CXX_LIBRARY = "libc++";
				CLANG_ENABLE_OBJC_ARC = YES;
				CLANG_WARN_EMPTY_BODY = YES;
				CLANG_WARN__DUPLICATE_METHOD_MATCH = YES;
				"CODE_SIGN_IDENTITY[sdk=iphoneos*]" = "iPhone Developer";
				COPY_PHASE_STRIP = NO;
				GCC_C_LANGUAGE_STANDARD = gnu99;
				GCC_DYNAMIC_NO_PIC = NO;
				GCC_OPTIMIZATION_LEVEL = 0;
				GCC_PREPROCESSOR_DEFINITIONS = (
					"DEBUG=1",
					"$(inherited)",
				);
				GCC_SYMBOLS_PRIVATE_EXTERN = NO;
				GCC_WARN_ABOUT_RETURN_TYPE = YES;
				GCC_WARN_UNINITIALIZED_AUTOS = YES;
				GCC_WARN_UNUSED_VARIABLE = YES;
				IPHONEOS_DEPLOYMENT_TARGET = 6.0;
				ONLY_ACTIVE_ARCH = YES;
				SDKROOT = iphoneos;
				TARGETED_DEVICE_FAMILY = "1,2";
			};
			name = Debug;
		};
		61E8E42C1695C5B600DC5C83 /* Release */ = {
			isa = XCBuildConfiguration;
			buildSettings = {
				ALWAYS_SEARCH_USER_PATHS = NO;
				CLANG_CXX_LANGUAGE_STANDARD = "gnu++0x";
				CLANG_CXX_LIBRARY = "libc++";
				CLANG_ENABLE_OBJC_ARC = YES;
				CLANG_WARN_EMPTY_BODY = YES;
				CLANG_WARN__DUPLICATE_METHOD_MATCH = YES;
				"CODE_SIGN_IDENTITY[sdk=iphoneos*]" = "iPhone Developer";
				COPY_PHASE_STRIP = YES;
				GCC_C_LANGUAGE_STANDARD = gnu99;
				GCC_WARN_ABOUT_RETURN_TYPE = YES;
				GCC_WARN_UNINITIALIZED_AUTOS = YES;
				GCC_WARN_UNUSED_VARIABLE = YES;
				IPHONEOS_DEPLOYMENT_TARGET = 6.0;
				OTHER_CFLAGS = "-DNS_BLOCK_ASSERTIONS=1";
				SDKROOT = iphoneos;
				TARGETED_DEVICE_FAMILY = "1,2";
				VALIDATE_PRODUCT = YES;
			};
			name = Release;
		};
		61E8E42E1695C5B600DC5C83 /* Debug */ = {
			isa = XCBuildConfiguration;
			buildSettings = {
				GCC_PRECOMPILE_PREFIX_HEADER = YES;
				GCC_PREFIX_HEADER = "htmlpple/htmlpple-Prefix.pch";
				HEADER_SEARCH_PATHS = /usr/include/libxml2;
				INFOPLIST_FILE = "htmlpple/htmlpple-Info.plist";
				PRODUCT_NAME = "$(TARGET_NAME)";
				WRAPPER_EXTENSION = app;
			};
			name = Debug;
		};
		61E8E42F1695C5B600DC5C83 /* Release */ = {
			isa = XCBuildConfiguration;
			buildSettings = {
				GCC_PRECOMPILE_PREFIX_HEADER = YES;
				GCC_PREFIX_HEADER = "htmlpple/htmlpple-Prefix.pch";
				HEADER_SEARCH_PATHS = "$(SDKROOT)/usr/include/libxml2";
				INFOPLIST_FILE = "htmlpple/htmlpple-Info.plist";
				PRODUCT_NAME = "$(TARGET_NAME)";
				WRAPPER_EXTENSION = app;
			};
			name = Release;
		};
/* End XCBuildConfiguration section */

/* Begin XCConfigurationList section */
		6104D1A816B28CD500B5E464 /* Build configuration list for PBXNativeTarget "UnitTests" */ = {
			isa = XCConfigurationList;
			buildConfigurations = (
				6104D1A616B28CD500B5E464 /* Debug */,
				6104D1A716B28CD500B5E464 /* Release */,
			);
			defaultConfigurationIsVisible = 0;
			defaultConfigurationName = Release;
		};
		61E8E3F41695C5B600DC5C83 /* Build configuration list for PBXProject "htmlpple" */ = {
			isa = XCConfigurationList;
			buildConfigurations = (
				61E8E42B1695C5B600DC5C83 /* Debug */,
				61E8E42C1695C5B600DC5C83 /* Release */,
			);
			defaultConfigurationIsVisible = 0;
			defaultConfigurationName = Release;
		};
		61E8E42D1695C5B600DC5C83 /* Build configuration list for PBXNativeTarget "htmlpple" */ = {
			isa = XCConfigurationList;
			buildConfigurations = (
				61E8E42E1695C5B600DC5C83 /* Debug */,
				61E8E42F1695C5B600DC5C83 /* Release */,
			);
			defaultConfigurationIsVisible = 0;
			defaultConfigurationName = Release;
		};
/* End XCConfigurationList section */
	};
	rootObject = 61E8E3F11695C5B600DC5C83 /* Project object */;
}
