// !$*UTF8*$!
{
	archiveVersion = 1;
	classes = {
	};
	objectVersion = 46;
	objects = {

/* Begin PBXBuildFile section */
		61E8E3FF1695C5B600DC5C83 /* UIKit.framework in Frameworks */ = {isa = PBXBuildFile; fileRef = 61E8E3FE1695C5B600DC5C83 /* UIKit.framework */; };
		61E8E4011695C5B600DC5C83 /* Foundation.framework in Frameworks */ = {isa = PBXBuildFile; fileRef = 61E8E4001695C5B600DC5C83 /* Foundation.framework */; };
		61E8E4031695C5B600DC5C83 /* CoreGraphics.framework in Frameworks */ = {isa = PBXBuildFile; fileRef = 61E8E4021695C5B600DC5C83 /* CoreGraphics.framework */; };
		61E8E40B1695C5B600DC5C83 /* main.m in Sources */ = {isa = PBXBuildFile; fileRef = 61E8E40A1695C5B600DC5C83 /* main.m */; };
		61E8E40F1695C5B600DC5C83 /* ALAppDelegate.m in Sources */ = {isa = PBXBuildFile; fileRef = 61E8E40E1695C5B600DC5C83 /* ALAppDelegate.m */; };
		61E8E4111695C5B600DC5C83 /* Default.png in Resources */ = {isa = PBXBuildFile; fileRef = 61E8E4101695C5B600DC5C83 /* Default.png */; };
		61E8E4131695C5B600DC5C83 /* Default@2x.png in Resources */ = {isa = PBXBuildFile; fileRef = 61E8E4121695C5B600DC5C83 /* Default@2x.png */; };
		61E8E4151695C5B600DC5C83 /* Default-568h@2x.png in Resources */ = {isa = PBXBuildFile; fileRef = 61E8E4141695C5B600DC5C83 /* Default-568h@2x.png */; };
		61E8E4391695C77700DC5C83 /* ALHtmlToAttributedStringParser.m in Sources */ = {isa = PBXBuildFile; fileRef = 61E8E4381695C77700DC5C83 /* ALHtmlToAttributedStringParser.m */; };
		61E8E4411695C81E00DC5C83 /* TFHpple.m in Sources */ = {isa = PBXBuildFile; fileRef = 61E8E43C1695C81E00DC5C83 /* TFHpple.m */; };
		61E8E4431695C81E00DC5C83 /* TFHppleElement.m in Sources */ = {isa = PBXBuildFile; fileRef = 61E8E43E1695C81E00DC5C83 /* TFHppleElement.m */; };
		61E8E4451695C81E00DC5C83 /* XPathQuery.m in Sources */ = {isa = PBXBuildFile; fileRef = 61E8E4401695C81E00DC5C83 /* XPathQuery.m */; };
		61E8E4491695C98C00DC5C83 /* NSDictionary+Merge.m in Sources */ = {isa = PBXBuildFile; fileRef = 61E8E4481695C98C00DC5C83 /* NSDictionary+Merge.m */; };
		61E8E44C1695C9EB00DC5C83 /* libxml2.2.dylib in Frameworks */ = {isa = PBXBuildFile; fileRef = 61E8E44B1695C9EB00DC5C83 /* libxml2.2.dylib */; };
		61E8E44F1695CA1B00DC5C83 /* test-data.html in Resources */ = {isa = PBXBuildFile; fileRef = 61E8E44D1695CA1B00DC5C83 /* test-data.html */; };
		61E8E4611695D16D00DC5C83 /* ALHtmlTextView.m in Sources */ = {isa = PBXBuildFile; fileRef = 61E8E4601695D16D00DC5C83 /* ALHtmlTextView.m */; };
		61E8E47B1696ED1000DC5C83 /* test-data-2.html in Resources */ = {isa = PBXBuildFile; fileRef = 61E8E47A1696ED1000DC5C83 /* test-data-2.html */; };
		61E8E4C31697459800DC5C83 /* test-data-3.html in Resources */ = {isa = PBXBuildFile; fileRef = 61E8E4C21697459800DC5C83 /* test-data-3.html */; };
		61E8E4C61697CF2900DC5C83 /* README.markdown in Resources */ = {isa = PBXBuildFile; fileRef = 61E8E4C51697CF2900DC5C83 /* README.markdown */; };
/* End PBXBuildFile section */

/* Begin PBXFileReference section */
		61E8E3FA1695C5B600DC5C83 /* htmlpple.app */ = {isa = PBXFileReference; explicitFileType = wrapper.application; includeInIndex = 0; path = htmlpple.app; sourceTree = BUILT_PRODUCTS_DIR; };
		61E8E3FE1695C5B600DC5C83 /* UIKit.framework */ = {isa = PBXFileReference; lastKnownFileType = wrapper.framework; name = UIKit.framework; path = System/Library/Frameworks/UIKit.framework; sourceTree = SDKROOT; };
		61E8E4001695C5B600DC5C83 /* Foundation.framework */ = {isa = PBXFileReference; lastKnownFileType = wrapper.framework; name = Foundation.framework; path = System/Library/Frameworks/Foundation.framework; sourceTree = SDKROOT; };
		61E8E4021695C5B600DC5C83 /* CoreGraphics.framework */ = {isa = PBXFileReference; lastKnownFileType = wrapper.framework; name = CoreGraphics.framework; path = System/Library/Frameworks/CoreGraphics.framework; sourceTree = SDKROOT; };
		61E8E4061695C5B600DC5C83 /* htmlpple-Info.plist */ = {isa = PBXFileReference; lastKnownFileType = text.plist.xml; path = "htmlpple-Info.plist"; sourceTree = "<group>"; };
		61E8E40A1695C5B600DC5C83 /* main.m */ = {isa = PBXFileReference; lastKnownFileType = sourcecode.c.objc; path = main.m; sourceTree = "<group>"; };
		61E8E40C1695C5B600DC5C83 /* htmlpple-Prefix.pch */ = {isa = PBXFileReference; lastKnownFileType = sourcecode.c.h; path = "htmlpple-Prefix.pch"; sourceTree = "<group>"; };
		61E8E40D1695C5B600DC5C83 /* ALAppDelegate.h */ = {isa = PBXFileReference; lastKnownFileType = sourcecode.c.h; path = ALAppDelegate.h; sourceTree = "<group>"; };
		61E8E40E1695C5B600DC5C83 /* ALAppDelegate.m */ = {isa = PBXFileReference; lastKnownFileType = sourcecode.c.objc; path = ALAppDelegate.m; sourceTree = "<group>"; };
		61E8E4101695C5B600DC5C83 /* Default.png */ = {isa = PBXFileReference; lastKnownFileType = image.png; path = Default.png; sourceTree = "<group>"; };
		61E8E4121695C5B600DC5C83 /* Default@2x.png */ = {isa = PBXFileReference; lastKnownFileType = image.png; path = "Default@2x.png"; sourceTree = "<group>"; };
		61E8E4141695C5B600DC5C83 /* Default-568h@2x.png */ = {isa = PBXFileReference; lastKnownFileType = image.png; path = "Default-568h@2x.png"; sourceTree = "<group>"; };
		61E8E41C1695C5B600DC5C83 /* SenTestingKit.framework */ = {isa = PBXFileReference; lastKnownFileType = wrapper.framework; name = SenTestingKit.framework; path = Library/Frameworks/SenTestingKit.framework; sourceTree = DEVELOPER_DIR; };
		61E8E4371695C77700DC5C83 /* ALHtmlToAttributedStringParser.h */ = {isa = PBXFileReference; fileEncoding = 4; lastKnownFileType = sourcecode.c.h; name = ALHtmlToAttributedStringParser.h; path = Classes/ALHtmlToAttributedStringParser.h; sourceTree = "<group>"; };
		61E8E4381695C77700DC5C83 /* ALHtmlToAttributedStringParser.m */ = {isa = PBXFileReference; fileEncoding = 4; lastKnownFileType = sourcecode.c.objc; name = ALHtmlToAttributedStringParser.m; path = Classes/ALHtmlToAttributedStringParser.m; sourceTree = "<group>"; };
		61E8E43B1695C81E00DC5C83 /* TFHpple.h */ = {isa = PBXFileReference; fileEncoding = 4; lastKnownFileType = sourcecode.c.h; name = TFHpple.h; path = ThirdParty/TFHpple/TFHpple.h; sourceTree = SOURCE_ROOT; };
		61E8E43C1695C81E00DC5C83 /* TFHpple.m */ = {isa = PBXFileReference; fileEncoding = 4; lastKnownFileType = sourcecode.c.objc; name = TFHpple.m; path = ThirdParty/TFHpple/TFHpple.m; sourceTree = SOURCE_ROOT; };
		61E8E43D1695C81E00DC5C83 /* TFHppleElement.h */ = {isa = PBXFileReference; fileEncoding = 4; lastKnownFileType = sourcecode.c.h; name = TFHppleElement.h; path = ThirdParty/TFHpple/TFHppleElement.h; sourceTree = SOURCE_ROOT; };
		61E8E43E1695C81E00DC5C83 /* TFHppleElement.m */ = {isa = PBXFileReference; fileEncoding = 4; lastKnownFileType = sourcecode.c.objc; name = TFHppleElement.m; path = ThirdParty/TFHpple/TFHppleElement.m; sourceTree = SOURCE_ROOT; };
		61E8E43F1695C81E00DC5C83 /* XPathQuery.h */ = {isa = PBXFileReference; fileEncoding = 4; lastKnownFileType = sourcecode.c.h; name = XPathQuery.h; path = ThirdParty/TFHpple/XPathQuery.h; sourceTree = SOURCE_ROOT; };
		61E8E4401695C81E00DC5C83 /* XPathQuery.m */ = {isa = PBXFileReference; fileEncoding = 4; lastKnownFileType = sourcecode.c.objc; name = XPathQuery.m; path = ThirdParty/TFHpple/XPathQuery.m; sourceTree = SOURCE_ROOT; };
		61E8E4471695C98C00DC5C83 /* NSDictionary+Merge.h */ = {isa = PBXFileReference; fileEncoding = 4; lastKnownFileType = sourcecode.c.h; name = "NSDictionary+Merge.h"; path = "Classes/NSDictionary+Merge.h"; sourceTree = "<group>"; };
		61E8E4481695C98C00DC5C83 /* NSDictionary+Merge.m */ = {isa = PBXFileReference; fileEncoding = 4; lastKnownFileType = sourcecode.c.objc; name = "NSDictionary+Merge.m"; path = "Classes/NSDictionary+Merge.m"; sourceTree = "<group>"; };
		61E8E44B1695C9EB00DC5C83 /* libxml2.2.dylib */ = {isa = PBXFileReference; lastKnownFileType = "compiled.mach-o.dylib"; name = libxml2.2.dylib; path = usr/lib/libxml2.2.dylib; sourceTree = SDKROOT; };
		61E8E44D1695CA1B00DC5C83 /* test-data.html */ = {isa = PBXFileReference; fileEncoding = 4; lastKnownFileType = text.html; path = "test-data.html"; sourceTree = "<group>"; };
		61E8E45F1695D16D00DC5C83 /* ALHtmlTextView.h */ = {isa = PBXFileReference; fileEncoding = 4; lastKnownFileType = sourcecode.c.h; name = ALHtmlTextView.h; path = Classes/ALHtmlTextView.h; sourceTree = "<group>"; };
		61E8E4601695D16D00DC5C83 /* ALHtmlTextView.m */ = {isa = PBXFileReference; fileEncoding = 4; lastKnownFileType = sourcecode.c.objc; name = ALHtmlTextView.m; path = Classes/ALHtmlTextView.m; sourceTree = "<group>"; };
		61E8E47A1696ED1000DC5C83 /* test-data-2.html */ = {isa = PBXFileReference; fileEncoding = 4; lastKnownFileType = text.html; path = "test-data-2.html"; sourceTree = "<group>"; };
		61E8E4C21697459800DC5C83 /* test-data-3.html */ = {isa = PBXFileReference; fileEncoding = 4; lastKnownFileType = text.html; path = "test-data-3.html"; sourceTree = "<group>"; };
		61E8E4C51697CF2900DC5C83 /* README.markdown */ = {isa = PBXFileReference; fileEncoding = 4; lastKnownFileType = text; path = README.markdown; sourceTree = SOURCE_ROOT; };
/* End PBXFileReference section */

/* Begin PBXFrameworksBuildPhase section */
		61E8E3F71695C5B600DC5C83 /* Frameworks */ = {
			isa = PBXFrameworksBuildPhase;
			buildActionMask = 2147483647;
			files = (
				61E8E44C1695C9EB00DC5C83 /* libxml2.2.dylib in Frameworks */,
				61E8E3FF1695C5B600DC5C83 /* UIKit.framework in Frameworks */,
				61E8E4011695C5B600DC5C83 /* Foundation.framework in Frameworks */,
				61E8E4031695C5B600DC5C83 /* CoreGraphics.framework in Frameworks */,
			);
			runOnlyForDeploymentPostprocessing = 0;
		};
/* End PBXFrameworksBuildPhase section */

/* Begin PBXGroup section */
		61E8E3EF1695C5B600DC5C83 = {
			isa = PBXGroup;
			children = (
				61E8E4041695C5B600DC5C83 /* htmlpple */,
				61E8E3FD1695C5B600DC5C83 /* Frameworks */,
				61E8E3FB1695C5B600DC5C83 /* Products */,
			);
			sourceTree = "<group>";
		};
		61E8E3FB1695C5B600DC5C83 /* Products */ = {
			isa = PBXGroup;
			children = (
				61E8E3FA1695C5B600DC5C83 /* htmlpple.app */,
			);
			name = Products;
			sourceTree = "<group>";
		};
		61E8E3FD1695C5B600DC5C83 /* Frameworks */ = {
			isa = PBXGroup;
			children = (
				61E8E44B1695C9EB00DC5C83 /* libxml2.2.dylib */,
				61E8E3FE1695C5B600DC5C83 /* UIKit.framework */,
				61E8E4001695C5B600DC5C83 /* Foundation.framework */,
				61E8E4021695C5B600DC5C83 /* CoreGraphics.framework */,
				61E8E41C1695C5B600DC5C83 /* SenTestingKit.framework */,
			);
			name = Frameworks;
			sourceTree = "<group>";
		};
		61E8E4041695C5B600DC5C83 /* htmlpple */ = {
			isa = PBXGroup;
			children = (
				61E8E43A1695C78B00DC5C83 /* TFHpple */,
				61E8E4361695C73400DC5C83 /* Parser */,
				61E8E45F1695D16D00DC5C83 /* ALHtmlTextView.h */,
				61E8E4601695D16D00DC5C83 /* ALHtmlTextView.m */,
				61E8E40D1695C5B600DC5C83 /* ALAppDelegate.h */,
				61E8E40E1695C5B600DC5C83 /* ALAppDelegate.m */,
				61E8E4051695C5B600DC5C83 /* Supporting Files */,
			);
			path = htmlpple;
			sourceTree = "<group>";
		};
		61E8E4051695C5B600DC5C83 /* Supporting Files */ = {
			isa = PBXGroup;
			children = (
				61E8E4C51697CF2900DC5C83 /* README.markdown */,
				61E8E44D1695CA1B00DC5C83 /* test-data.html */,
				61E8E47A1696ED1000DC5C83 /* test-data-2.html */,
				61E8E4C21697459800DC5C83 /* test-data-3.html */,
				61E8E4061695C5B600DC5C83 /* htmlpple-Info.plist */,
				61E8E40A1695C5B600DC5C83 /* main.m */,
				61E8E40C1695C5B600DC5C83 /* htmlpple-Prefix.pch */,
				61E8E4101695C5B600DC5C83 /* Default.png */,
				61E8E4121695C5B600DC5C83 /* Default@2x.png */,
				61E8E4141695C5B600DC5C83 /* Default-568h@2x.png */,
			);
			name = "Supporting Files";
			sourceTree = "<group>";
		};
		61E8E4361695C73400DC5C83 /* Parser */ = {
			isa = PBXGroup;
			children = (
				61E8E4471695C98C00DC5C83 /* NSDictionary+Merge.h */,
				61E8E4481695C98C00DC5C83 /* NSDictionary+Merge.m */,
				61E8E4371695C77700DC5C83 /* ALHtmlToAttributedStringParser.h */,
				61E8E4381695C77700DC5C83 /* ALHtmlToAttributedStringParser.m */,
			);
			name = Parser;
			sourceTree = "<group>";
		};
		61E8E43A1695C78B00DC5C83 /* TFHpple */ = {
			isa = PBXGroup;
			children = (
				61E8E43B1695C81E00DC5C83 /* TFHpple.h */,
				61E8E43C1695C81E00DC5C83 /* TFHpple.m */,
				61E8E43D1695C81E00DC5C83 /* TFHppleElement.h */,
				61E8E43E1695C81E00DC5C83 /* TFHppleElement.m */,
				61E8E43F1695C81E00DC5C83 /* XPathQuery.h */,
				61E8E4401695C81E00DC5C83 /* XPathQuery.m */,
			);
			name = TFHpple;
			sourceTree = "<group>";
		};
/* End PBXGroup section */

/* Begin PBXNativeTarget section */
		61E8E3F91695C5B600DC5C83 /* htmlpple */ = {
			isa = PBXNativeTarget;
			buildConfigurationList = 61E8E42D1695C5B600DC5C83 /* Build configuration list for PBXNativeTarget "htmlpple" */;
			buildPhases = (
				61E8E3F61695C5B600DC5C83 /* Sources */,
				61E8E3F71695C5B600DC5C83 /* Frameworks */,
				61E8E3F81695C5B600DC5C83 /* Resources */,
			);
			buildRules = (
			);
			dependencies = (
			);
			name = htmlpple;
			productName = htmlpple;
			productReference = 61E8E3FA1695C5B600DC5C83 /* htmlpple.app */;
			productType = "com.apple.product-type.application";
		};
/* End PBXNativeTarget section */

/* Begin PBXProject section */
		61E8E3F11695C5B600DC5C83 /* Project object */ = {
			isa = PBXProject;
			attributes = {
				CLASSPREFIX = AL;
				LastUpgradeCheck = 0450;
				ORGANIZATIONNAME = au.com.amleszk;
			};
			buildConfigurationList = 61E8E3F41695C5B600DC5C83 /* Build configuration list for PBXProject "htmlpple" */;
			compatibilityVersion = "Xcode 3.2";
			developmentRegion = English;
			hasScannedForEncodings = 0;
			knownRegions = (
				en,
			);
			mainGroup = 61E8E3EF1695C5B600DC5C83;
			productRefGroup = 61E8E3FB1695C5B600DC5C83 /* Products */;
			projectDirPath = "";
			projectRoot = "";
			targets = (
				61E8E3F91695C5B600DC5C83 /* htmlpple */,
			);
		};
/* End PBXProject section */

/* Begin PBXResourcesBuildPhase section */
		61E8E3F81695C5B600DC5C83 /* Resources */ = {
			isa = PBXResourcesBuildPhase;
			buildActionMask = 2147483647;
			files = (
				61E8E4111695C5B600DC5C83 /* Default.png in Resources */,
				61E8E4131695C5B600DC5C83 /* Default@2x.png in Resources */,
				61E8E4151695C5B600DC5C83 /* Default-568h@2x.png in Resources */,
				61E8E44F1695CA1B00DC5C83 /* test-data.html in Resources */,
				61E8E47B1696ED1000DC5C83 /* test-data-2.html in Resources */,
				61E8E4C31697459800DC5C83 /* test-data-3.html in Resources */,
				61E8E4C61697CF2900DC5C83 /* README.markdown in Resources */,
			);
			runOnlyForDeploymentPostprocessing = 0;
		};
/* End PBXResourcesBuildPhase section */

/* Begin PBXSourcesBuildPhase section */
		61E8E3F61695C5B600DC5C83 /* Sources */ = {
			isa = PBXSourcesBuildPhase;
			buildActionMask = 2147483647;
			files = (
				61E8E40B1695C5B600DC5C83 /* main.m in Sources */,
				61E8E40F1695C5B600DC5C83 /* ALAppDelegate.m in Sources */,
				61E8E4391695C77700DC5C83 /* ALHtmlToAttributedStringParser.m in Sources */,
				61E8E4411695C81E00DC5C83 /* TFHpple.m in Sources */,
				61E8E4431695C81E00DC5C83 /* TFHppleElement.m in Sources */,
				61E8E4451695C81E00DC5C83 /* XPathQuery.m in Sources */,
				61E8E4491695C98C00DC5C83 /* NSDictionary+Merge.m in Sources */,
				61E8E4611695D16D00DC5C83 /* ALHtmlTextView.m in Sources */,
			);
			runOnlyForDeploymentPostprocessing = 0;
		};
/* End PBXSourcesBuildPhase section */

/* Begin XCBuildConfiguration section */
		61E8E42B1695C5B600DC5C83 /* Debug */ = {
			isa = XCBuildConfiguration;
			buildSettings = {
				ALWAYS_SEARCH_USER_PATHS = NO;
				CLANG_CXX_LANGUAGE_STANDARD = "gnu++0x";
				CLANG_CXX_LIBRARY = "libc++";
				CLANG_ENABLE_OBJC_ARC = YES;
				CLANG_WARN_EMPTY_BODY = YES;
				CLANG_WARN__DUPLICATE_METHOD_MATCH = YES;
				"CODE_SIGN_IDENTITY[sdk=iphoneos*]" = "iPhone Developer";
				COPY_PHASE_STRIP = NO;
				GCC_C_LANGUAGE_STANDARD = gnu99;
				GCC_DYNAMIC_NO_PIC = NO;
				GCC_OPTIMIZATION_LEVEL = 0;
				GCC_PREPROCESSOR_DEFINITIONS = (
					"DEBUG=1",
					"$(inherited)",
				);
				GCC_SYMBOLS_PRIVATE_EXTERN = NO;
				GCC_WARN_ABOUT_RETURN_TYPE = YES;
				GCC_WARN_UNINITIALIZED_AUTOS = YES;
				GCC_WARN_UNUSED_VARIABLE = YES;
				IPHONEOS_DEPLOYMENT_TARGET = 6.0;
				ONLY_ACTIVE_ARCH = YES;
				SDKROOT = iphoneos;
				TARGETED_DEVICE_FAMILY = "1,2";
			};
			name = Debug;
		};
		61E8E42C1695C5B600DC5C83 /* Release */ = {
			isa = XCBuildConfiguration;
			buildSettings = {
				ALWAYS_SEARCH_USER_PATHS = NO;
				CLANG_CXX_LANGUAGE_STANDARD = "gnu++0x";
				CLANG_CXX_LIBRARY = "libc++";
				CLANG_ENABLE_OBJC_ARC = YES;
				CLANG_WARN_EMPTY_BODY = YES;
				CLANG_WARN__DUPLICATE_METHOD_MATCH = YES;
				"CODE_SIGN_IDENTITY[sdk=iphoneos*]" = "iPhone Developer";
				COPY_PHASE_STRIP = YES;
				GCC_C_LANGUAGE_STANDARD = gnu99;
				GCC_WARN_ABOUT_RETURN_TYPE = YES;
				GCC_WARN_UNINITIALIZED_AUTOS = YES;
				GCC_WARN_UNUSED_VARIABLE = YES;
				IPHONEOS_DEPLOYMENT_TARGET = 6.0;
				OTHER_CFLAGS = "-DNS_BLOCK_ASSERTIONS=1";
				SDKROOT = iphoneos;
				TARGETED_DEVICE_FAMILY = "1,2";
				VALIDATE_PRODUCT = YES;
			};
			name = Release;
		};
		61E8E42E1695C5B600DC5C83 /* Debug */ = {
			isa = XCBuildConfiguration;
			buildSettings = {
				GCC_PRECOMPILE_PREFIX_HEADER = YES;
				GCC_PREFIX_HEADER = "htmlpple/htmlpple-Prefix.pch";
				HEADER_SEARCH_PATHS = /usr/include/libxml2;
				INFOPLIST_FILE = "htmlpple/htmlpple-Info.plist";
				PRODUCT_NAME = "$(TARGET_NAME)";
				WRAPPER_EXTENSION = app;
			};
			name = Debug;
		};
		61E8E42F1695C5B600DC5C83 /* Release */ = {
			isa = XCBuildConfiguration;
			buildSettings = {
				GCC_PRECOMPILE_PREFIX_HEADER = YES;
				GCC_PREFIX_HEADER = "htmlpple/htmlpple-Prefix.pch";
				HEADER_SEARCH_PATHS = "$(SDKROOT)/usr/include/libxml2";
				INFOPLIST_FILE = "htmlpple/htmlpple-Info.plist";
				PRODUCT_NAME = "$(TARGET_NAME)";
				WRAPPER_EXTENSION = app;
			};
			name = Release;
		};
/* End XCBuildConfiguration section */

/* Begin XCConfigurationList section */
		61E8E3F41695C5B600DC5C83 /* Build configuration list for PBXProject "htmlpple" */ = {
			isa = XCConfigurationList;
			buildConfigurations = (
				61E8E42B1695C5B600DC5C83 /* Debug */,
				61E8E42C1695C5B600DC5C83 /* Release */,
			);
			defaultConfigurationIsVisible = 0;
			defaultConfigurationName = Release;
		};
		61E8E42D1695C5B600DC5C83 /* Build configuration list for PBXNativeTarget "htmlpple" */ = {
			isa = XCConfigurationList;
			buildConfigurations = (
				61E8E42E1695C5B600DC5C83 /* Debug */,
				61E8E42F1695C5B600DC5C83 /* Release */,
			);
			defaultConfigurationIsVisible = 0;
			defaultConfigurationName = Release;
		};
/* End XCConfigurationList section */
	};
	rootObject = 61E8E3F11695C5B600DC5C83 /* Project object */;
}
